
Microsoft Visual Studio Solution File, Format Version 12.00
# Visual Studio Version 16
VisualStudioVersion = 16.0.30523.141
MinimumVisualStudioVersion = 10.0.40219.1
Project("{FAE04EC0-301F-11D3-BF4B-00C04F79EFBC}") = "WebParser", "WebParser\WebParser.csproj", "{5087C943-C61B-42A4-9634-68AEFDE5B896}"
EndProject
Global
	GlobalSection(SolutionConfigurationPlatforms) = preSolution
		Debug|Any CPU = Debug|Any CPU
		Release|Any CPU = Release|Any CPU
	EndGlobalSection
	GlobalSection(ProjectConfigurationPlatforms) = postSolution
		{5087C943-C61B-42A4-9634-68AEFDE5B896}.Debug|Any CPU.ActiveCfg = Debug|Any CPU
		{5087C943-C61B-42A4-9634-68AEFDE5B896}.Debug|Any CPU.Build.0 = Debug|Any CPU
		{5087C943-C61B-42A4-9634-68AEFDE5B896}.Release|Any CPU.ActiveCfg = Release|Any CPU
		{5087C943-C61B-42A4-9634-68AEFDE5B896}.Release|Any CPU.Build.0 = Release|Any CPU
	EndGlobalSection
	GlobalSection(SolutionProperties) = preSolution
		HideSolutionNode = FALSE
	EndGlobalSection
	GlobalSection(ExtensibilityGlobals) = postSolution
		SolutionGuid = {0A5A8704-EEC4-4228-8E6D-D6362BACFD30}
	EndGlobalSection
EndGlobal
